// !$*UTF8*$!
{
	archiveVersion = 1;
	classes = {
	};
	objectVersion = 50;
	objects = {

/* Begin PBXBuildFile section */
		8461EE5821AC17970097A17F /* AppDelegate.swift in Sources */ = {isa = PBXBuildFile; fileRef = 8461EE5721AC17970097A17F /* AppDelegate.swift */; };
		8461EE5A21AC17970097A17F /* ImageListController.swift in Sources */ = {isa = PBXBuildFile; fileRef = 8461EE5921AC17970097A17F /* ImageListController.swift */; };
		8461EE5D21AC17970097A17F /* Main.storyboard in Resources */ = {isa = PBXBuildFile; fileRef = 8461EE5B21AC17970097A17F /* Main.storyboard */; };
		8461EE5F21AC179C0097A17F /* Assets.xcassets in Resources */ = {isa = PBXBuildFile; fileRef = 8461EE5E21AC179C0097A17F /* Assets.xcassets */; };
		8461EE6221AC179C0097A17F /* LaunchScreen.storyboard in Resources */ = {isa = PBXBuildFile; fileRef = 8461EE6021AC179C0097A17F /* LaunchScreen.storyboard */; };
		8461EE6D21AC1B900097A17F /* ImageDetailController.swift in Sources */ = {isa = PBXBuildFile; fileRef = 8461EE6C21AC1B900097A17F /* ImageDetailController.swift */; };
		8461EE6F21AC1DC40097A17F /* WebAPI.swift in Sources */ = {isa = PBXBuildFile; fileRef = 8461EE6E21AC1DC40097A17F /* WebAPI.swift */; };
		8461EE7221AC22E60097A17F /* ImageCell.swift in Sources */ = {isa = PBXBuildFile; fileRef = 8461EE7021AC22E60097A17F /* ImageCell.swift */; };
		8461EE7321AC22E60097A17F /* ImageCell.xib in Resources */ = {isa = PBXBuildFile; fileRef = 8461EE7121AC22E60097A17F /* ImageCell.xib */; };
		8461EE7521AC237B0097A17F /* Image.swift in Sources */ = {isa = PBXBuildFile; fileRef = 8461EE7421AC237B0097A17F /* Image.swift */; };
		8461EE7721AC23C50097A17F /* Image+Realm.swift in Sources */ = {isa = PBXBuildFile; fileRef = 8461EE7621AC23C50097A17F /* Image+Realm.swift */; };
		8461EE7921AC25A30097A17F /* ImageManager.swift in Sources */ = {isa = PBXBuildFile; fileRef = 8461EE7821AC25A30097A17F /* ImageManager.swift */; };
		8461EE7B21AC28D50097A17F /* CustomError.swift in Sources */ = {isa = PBXBuildFile; fileRef = 8461EE7A21AC28D50097A17F /* CustomError.swift */; };
		8461EE7D21AC29410097A17F /* Image+JSON.swift in Sources */ = {isa = PBXBuildFile; fileRef = 8461EE7C21AC29410097A17F /* Image+JSON.swift */; };
		E86BD0F526BE51A152DF2FFD /* Pods_ImageGalleryApp.framework in Frameworks */ = {isa = PBXBuildFile; fileRef = 4F5C65AE84897222A6CFBBFF /* Pods_ImageGalleryApp.framework */; };
/* End PBXBuildFile section */

/* Begin PBXFileReference section */
		13BF0006D08DC1B698AB579D /* Pods-ImageGalleryApp.debug.xcconfig */ = {isa = PBXFileReference; includeInIndex = 1; lastKnownFileType = text.xcconfig; name = "Pods-ImageGalleryApp.debug.xcconfig"; path = "Pods/Target Support Files/Pods-ImageGalleryApp/Pods-ImageGalleryApp.debug.xcconfig"; sourceTree = "<group>"; };
		4F5C65AE84897222A6CFBBFF /* Pods_ImageGalleryApp.framework */ = {isa = PBXFileReference; explicitFileType = wrapper.framework; includeInIndex = 0; path = Pods_ImageGalleryApp.framework; sourceTree = BUILT_PRODUCTS_DIR; };
		796AE77CC1290616F81EBF19 /* Pods-ImageGalleryApp.release.xcconfig */ = {isa = PBXFileReference; includeInIndex = 1; lastKnownFileType = text.xcconfig; name = "Pods-ImageGalleryApp.release.xcconfig"; path = "Pods/Target Support Files/Pods-ImageGalleryApp/Pods-ImageGalleryApp.release.xcconfig"; sourceTree = "<group>"; };
		8461EE5421AC17970097A17F /* ImageGalleryApp.app */ = {isa = PBXFileReference; explicitFileType = wrapper.application; includeInIndex = 0; path = ImageGalleryApp.app; sourceTree = BUILT_PRODUCTS_DIR; };
		8461EE5721AC17970097A17F /* AppDelegate.swift */ = {isa = PBXFileReference; lastKnownFileType = sourcecode.swift; path = AppDelegate.swift; sourceTree = "<group>"; };
		8461EE5921AC17970097A17F /* ImageListController.swift */ = {isa = PBXFileReference; lastKnownFileType = sourcecode.swift; path = ImageListController.swift; sourceTree = "<group>"; };
		8461EE5C21AC17970097A17F /* Base */ = {isa = PBXFileReference; lastKnownFileType = file.storyboard; name = Base; path = Base.lproj/Main.storyboard; sourceTree = "<group>"; };
		8461EE5E21AC179C0097A17F /* Assets.xcassets */ = {isa = PBXFileReference; lastKnownFileType = folder.assetcatalog; path = Assets.xcassets; sourceTree = "<group>"; };
		8461EE6121AC179C0097A17F /* Base */ = {isa = PBXFileReference; lastKnownFileType = file.storyboard; name = Base; path = Base.lproj/LaunchScreen.storyboard; sourceTree = "<group>"; };
		8461EE6321AC179C0097A17F /* Info.plist */ = {isa = PBXFileReference; lastKnownFileType = text.plist.xml; path = Info.plist; sourceTree = "<group>"; };
		8461EE6C21AC1B900097A17F /* ImageDetailController.swift */ = {isa = PBXFileReference; lastKnownFileType = sourcecode.swift; path = ImageDetailController.swift; sourceTree = "<group>"; };
		8461EE6E21AC1DC40097A17F /* WebAPI.swift */ = {isa = PBXFileReference; lastKnownFileType = sourcecode.swift; path = WebAPI.swift; sourceTree = "<group>"; };
		8461EE7021AC22E60097A17F /* ImageCell.swift */ = {isa = PBXFileReference; lastKnownFileType = sourcecode.swift; path = ImageCell.swift; sourceTree = "<group>"; };
		8461EE7121AC22E60097A17F /* ImageCell.xib */ = {isa = PBXFileReference; lastKnownFileType = file.xib; path = ImageCell.xib; sourceTree = "<group>"; };
		8461EE7421AC237B0097A17F /* Image.swift */ = {isa = PBXFileReference; lastKnownFileType = sourcecode.swift; path = Image.swift; sourceTree = "<group>"; };
		8461EE7621AC23C50097A17F /* Image+Realm.swift */ = {isa = PBXFileReference; lastKnownFileType = sourcecode.swift; path = "Image+Realm.swift"; sourceTree = "<group>"; };
		8461EE7821AC25A30097A17F /* ImageManager.swift */ = {isa = PBXFileReference; lastKnownFileType = sourcecode.swift; path = ImageManager.swift; sourceTree = "<group>"; };
		8461EE7A21AC28D50097A17F /* CustomError.swift */ = {isa = PBXFileReference; lastKnownFileType = sourcecode.swift; path = CustomError.swift; sourceTree = "<group>"; };
		8461EE7C21AC29410097A17F /* Image+JSON.swift */ = {isa = PBXFileReference; lastKnownFileType = sourcecode.swift; path = "Image+JSON.swift"; sourceTree = "<group>"; };
/* End PBXFileReference section */

/* Begin PBXFrameworksBuildPhase section */
		8461EE5121AC17970097A17F /* Frameworks */ = {
			isa = PBXFrameworksBuildPhase;
			buildActionMask = 2147483647;
			files = (
				E86BD0F526BE51A152DF2FFD /* Pods_ImageGalleryApp.framework in Frameworks */,
			);
			runOnlyForDeploymentPostprocessing = 0;
		};
/* End PBXFrameworksBuildPhase section */

/* Begin PBXGroup section */
		843E9D957D9D06FDA4D6D2FB /* Pods */ = {
			isa = PBXGroup;
			children = (
				13BF0006D08DC1B698AB579D /* Pods-ImageGalleryApp.debug.xcconfig */,
				796AE77CC1290616F81EBF19 /* Pods-ImageGalleryApp.release.xcconfig */,
			);
			name = Pods;
			sourceTree = "<group>";
		};
		8461EE4B21AC17970097A17F = {
			isa = PBXGroup;
			children = (
				8461EE5621AC17970097A17F /* ImageGalleryApp */,
				8461EE5521AC17970097A17F /* Products */,
				843E9D957D9D06FDA4D6D2FB /* Pods */,
				BE3663499B854876BCC3EA10 /* Frameworks */,
			);
			sourceTree = "<group>";
		};
		8461EE5521AC17970097A17F /* Products */ = {
			isa = PBXGroup;
			children = (
				8461EE5421AC17970097A17F /* ImageGalleryApp.app */,
			);
			name = Products;
			sourceTree = "<group>";
		};
		8461EE5621AC17970097A17F /* ImageGalleryApp */ = {
			isa = PBXGroup;
			children = (
				8461EE6B21AC18150097A17F /* Controllers */,
				8461EE6A21AC18050097A17F /* View */,
				8461EE6921AC17FA0097A17F /* Model */,
				8461EE5E21AC179C0097A17F /* Assets.xcassets */,
				8461EE6321AC179C0097A17F /* Info.plist */,
			);
			path = ImageGalleryApp;
			sourceTree = "<group>";
		};
		8461EE6921AC17FA0097A17F /* Model */ = {
			isa = PBXGroup;
			children = (
				8461EE7421AC237B0097A17F /* Image.swift */,
				8461EE7621AC23C50097A17F /* Image+Realm.swift */,
				8461EE7C21AC29410097A17F /* Image+JSON.swift */,
				8461EE7A21AC28D50097A17F /* CustomError.swift */,
			);
			path = Model;
			sourceTree = "<group>";
		};
		8461EE6A21AC18050097A17F /* View */ = {
			isa = PBXGroup;
			children = (
				8461EE5B21AC17970097A17F /* Main.storyboard */,
				8461EE6021AC179C0097A17F /* LaunchScreen.storyboard */,
				8461EE7021AC22E60097A17F /* ImageCell.swift */,
				8461EE7121AC22E60097A17F /* ImageCell.xib */,
			);
			path = View;
			sourceTree = "<group>";
		};
		8461EE6B21AC18150097A17F /* Controllers */ = {
			isa = PBXGroup;
			children = (
				8461EE5721AC17970097A17F /* AppDelegate.swift */,
				8461EE5921AC17970097A17F /* ImageListController.swift */,
				8461EE6C21AC1B900097A17F /* ImageDetailController.swift */,
				8461EE6E21AC1DC40097A17F /* WebAPI.swift */,
				8461EE7821AC25A30097A17F /* ImageManager.swift */,
			);
			path = Controllers;
			sourceTree = "<group>";
		};
		BE3663499B854876BCC3EA10 /* Frameworks */ = {
			isa = PBXGroup;
			children = (
				4F5C65AE84897222A6CFBBFF /* Pods_ImageGalleryApp.framework */,
			);
			name = Frameworks;
			sourceTree = "<group>";
		};
/* End PBXGroup section */

/* Begin PBXNativeTarget section */
		8461EE5321AC17970097A17F /* ImageGalleryApp */ = {
			isa = PBXNativeTarget;
			buildConfigurationList = 8461EE6621AC179C0097A17F /* Build configuration list for PBXNativeTarget "ImageGalleryApp" */;
			buildPhases = (
				0DC13C1471A036BA6F0FA188 /* [CP] Check Pods Manifest.lock */,
				8461EE5021AC17970097A17F /* Sources */,
				8461EE5121AC17970097A17F /* Frameworks */,
				8461EE5221AC17970097A17F /* Resources */,
				70A9DD805D4E72D556B0FA98 /* [CP] Embed Pods Frameworks */,
			);
			buildRules = (
			);
			dependencies = (
			);
			name = ImageGalleryApp;
			productName = ImageGalleryApp;
			productReference = 8461EE5421AC17970097A17F /* ImageGalleryApp.app */;
			productType = "com.apple.product-type.application";
		};
/* End PBXNativeTarget section */

/* Begin PBXProject section */
		8461EE4C21AC17970097A17F /* Project object */ = {
			isa = PBXProject;
			attributes = {
				LastSwiftUpdateCheck = 1010;
				LastUpgradeCheck = 1010;
				ORGANIZATIONNAME = "Maksym Gontar";
				TargetAttributes = {
					8461EE5321AC17970097A17F = {
						CreatedOnToolsVersion = 10.1;
					};
				};
			};
			buildConfigurationList = 8461EE4F21AC17970097A17F /* Build configuration list for PBXProject "ImageGalleryApp" */;
			compatibilityVersion = "Xcode 9.3";
			developmentRegion = en;
			hasScannedForEncodings = 0;
			knownRegions = (
				en,
				Base,
			);
			mainGroup = 8461EE4B21AC17970097A17F;
			productRefGroup = 8461EE5521AC17970097A17F /* Products */;
			projectDirPath = "";
			projectRoot = "";
			targets = (
				8461EE5321AC17970097A17F /* ImageGalleryApp */,
			);
		};
/* End PBXProject section */

/* Begin PBXResourcesBuildPhase section */
		8461EE5221AC17970097A17F /* Resources */ = {
			isa = PBXResourcesBuildPhase;
			buildActionMask = 2147483647;
			files = (
				8461EE6221AC179C0097A17F /* LaunchScreen.storyboard in Resources */,
				8461EE7321AC22E60097A17F /* ImageCell.xib in Resources */,
				8461EE5F21AC179C0097A17F /* Assets.xcassets in Resources */,
				8461EE5D21AC17970097A17F /* Main.storyboard in Resources */,
			);
			runOnlyForDeploymentPostprocessing = 0;
		};
/* End PBXResourcesBuildPhase section */

/* Begin PBXShellScriptBuildPhase section */
		0DC13C1471A036BA6F0FA188 /* [CP] Check Pods Manifest.lock */ = {
			isa = PBXShellScriptBuildPhase;
			buildActionMask = 2147483647;
			files = (
			);
			inputFileListPaths = (
			);
			inputPaths = (
				"${PODS_PODFILE_DIR_PATH}/Podfile.lock",
				"${PODS_ROOT}/Manifest.lock",
			);
			name = "[CP] Check Pods Manifest.lock";
			outputFileListPaths = (
			);
			outputPaths = (
				"$(DERIVED_FILE_DIR)/Pods-ImageGalleryApp-checkManifestLockResult.txt",
			);
			runOnlyForDeploymentPostprocessing = 0;
			shellPath = /bin/sh;
			shellScript = "diff \"${PODS_PODFILE_DIR_PATH}/Podfile.lock\" \"${PODS_ROOT}/Manifest.lock\" > /dev/null\nif [ $? != 0 ] ; then\n    # print error to STDERR\n    echo \"error: The sandbox is not in sync with the Podfile.lock. Run 'pod install' or update your CocoaPods installation.\" >&2\n    exit 1\nfi\n# This output is used by Xcode 'outputs' to avoid re-running this script phase.\necho \"SUCCESS\" > \"${SCRIPT_OUTPUT_FILE_0}\"\n";
			showEnvVarsInLog = 0;
		};
		70A9DD805D4E72D556B0FA98 /* [CP] Embed Pods Frameworks */ = {
			isa = PBXShellScriptBuildPhase;
			buildActionMask = 2147483647;
			files = (
			);
			inputFileListPaths = (
			);
			inputPaths = (
				"${SRCROOT}/Pods/Target Support Files/Pods-ImageGalleryApp/Pods-ImageGalleryApp-frameworks.sh",
				"${BUILT_PRODUCTS_DIR}/Alamofire/Alamofire.framework",
				"${BUILT_PRODUCTS_DIR}/AlamofireImage/AlamofireImage.framework",
				"${BUILT_PRODUCTS_DIR}/MarqueeLabel/MarqueeLabel.framework",
				"${BUILT_PRODUCTS_DIR}/NotificationBannerSwift/NotificationBannerSwift.framework",
				"${BUILT_PRODUCTS_DIR}/ReachabilitySwift/Reachability.framework",
				"${BUILT_PRODUCTS_DIR}/Realm/Realm.framework",
				"${BUILT_PRODUCTS_DIR}/RealmSwift/RealmSwift.framework",
				"${BUILT_PRODUCTS_DIR}/SnapKit/SnapKit.framework",
			);
			name = "[CP] Embed Pods Frameworks";
			outputFileListPaths = (
			);
			outputPaths = (
				"${TARGET_BUILD_DIR}/${FRAMEWORKS_FOLDER_PATH}/Alamofire.framework",
				"${TARGET_BUILD_DIR}/${FRAMEWORKS_FOLDER_PATH}/AlamofireImage.framework",
				"${TARGET_BUILD_DIR}/${FRAMEWORKS_FOLDER_PATH}/MarqueeLabel.framework",
				"${TARGET_BUILD_DIR}/${FRAMEWORKS_FOLDER_PATH}/NotificationBannerSwift.framework",
				"${TARGET_BUILD_DIR}/${FRAMEWORKS_FOLDER_PATH}/Reachability.framework",
				"${TARGET_BUILD_DIR}/${FRAMEWORKS_FOLDER_PATH}/Realm.framework",
				"${TARGET_BUILD_DIR}/${FRAMEWORKS_FOLDER_PATH}/RealmSwift.framework",
				"${TARGET_BUILD_DIR}/${FRAMEWORKS_FOLDER_PATH}/SnapKit.framework",
			);
			runOnlyForDeploymentPostprocessing = 0;
			shellPath = /bin/sh;
			shellScript = "\"${SRCROOT}/Pods/Target Support Files/Pods-ImageGalleryApp/Pods-ImageGalleryApp-frameworks.sh\"\n";
			showEnvVarsInLog = 0;
		};
/* End PBXShellScriptBuildPhase section */

/* Begin PBXSourcesBuildPhase section */
		8461EE5021AC17970097A17F /* Sources */ = {
			isa = PBXSourcesBuildPhase;
			buildActionMask = 2147483647;
			files = (
				8461EE5A21AC17970097A17F /* ImageListController.swift in Sources */,
				8461EE7D21AC29410097A17F /* Image+JSON.swift in Sources */,
				8461EE7521AC237B0097A17F /* Image.swift in Sources */,
				8461EE7721AC23C50097A17F /* Image+Realm.swift in Sources */,
				8461EE7921AC25A30097A17F /* ImageManager.swift in Sources */,
				8461EE5821AC17970097A17F /* AppDelegate.swift in Sources */,
				8461EE7B21AC28D50097A17F /* CustomError.swift in Sources */,
				8461EE6D21AC1B900097A17F /* ImageDetailController.swift in Sources */,
				8461EE6F21AC1DC40097A17F /* WebAPI.swift in Sources */,
				8461EE7221AC22E60097A17F /* ImageCell.swift in Sources */,
			);
			runOnlyForDeploymentPostprocessing = 0;
		};
/* End PBXSourcesBuildPhase section */

/* Begin PBXVariantGroup section */
		8461EE5B21AC17970097A17F /* Main.storyboard */ = {
			isa = PBXVariantGroup;
			children = (
				8461EE5C21AC17970097A17F /* Base */,
			);
			name = Main.storyboard;
			sourceTree = "<group>";
		};
		8461EE6021AC179C0097A17F /* LaunchScreen.storyboard */ = {
			isa = PBXVariantGroup;
			children = (
				8461EE6121AC179C0097A17F /* Base */,
			);
			name = LaunchScreen.storyboard;
			sourceTree = "<group>";
		};
/* End PBXVariantGroup section */

/* Begin XCBuildConfiguration section */
		8461EE6421AC179C0097A17F /* Debug */ = {
			isa = XCBuildConfiguration;
			buildSettings = {
				ALWAYS_SEARCH_USER_PATHS = NO;
				CLANG_ANALYZER_NONNULL = YES;
				CLANG_ANALYZER_NUMBER_OBJECT_CONVERSION = YES_AGGRESSIVE;
				CLANG_CXX_LANGUAGE_STANDARD = "gnu++14";
				CLANG_CXX_LIBRARY = "libc++";
				CLANG_ENABLE_MODULES = YES;
				CLANG_ENABLE_OBJC_ARC = YES;
				CLANG_ENABLE_OBJC_WEAK = YES;
				CLANG_WARN_BLOCK_CAPTURE_AUTORELEASING = YES;
				CLANG_WARN_BOOL_CONVERSION = YES;
				CLANG_WARN_COMMA = YES;
				CLANG_WARN_CONSTANT_CONVERSION = YES;
				CLANG_WARN_DEPRECATED_OBJC_IMPLEMENTATIONS = YES;
				CLANG_WARN_DIRECT_OBJC_ISA_USAGE = YES_ERROR;
				CLANG_WARN_DOCUMENTATION_COMMENTS = YES;
				CLANG_WARN_EMPTY_BODY = YES;
				CLANG_WARN_ENUM_CONVERSION = YES;
				CLANG_WARN_INFINITE_RECURSION = YES;
				CLANG_WARN_INT_CONVERSION = YES;
				CLANG_WARN_NON_LITERAL_NULL_CONVERSION = YES;
				CLANG_WARN_OBJC_IMPLICIT_RETAIN_SELF = YES;
				CLANG_WARN_OBJC_LITERAL_CONVERSION = YES;
				CLANG_WARN_OBJC_ROOT_CLASS = YES_ERROR;
				CLANG_WARN_RANGE_LOOP_ANALYSIS = YES;
				CLANG_WARN_STRICT_PROTOTYPES = YES;
				CLANG_WARN_SUSPICIOUS_MOVE = YES;
				CLANG_WARN_UNGUARDED_AVAILABILITY = YES_AGGRESSIVE;
				CLANG_WARN_UNREACHABLE_CODE = YES;
				CLANG_WARN__DUPLICATE_METHOD_MATCH = YES;
				CODE_SIGN_IDENTITY = "iPhone Developer";
				COPY_PHASE_STRIP = NO;
				DEBUG_INFORMATION_FORMAT = dwarf;
				ENABLE_STRICT_OBJC_MSGSEND = YES;
				ENABLE_TESTABILITY = YES;
				GCC_C_LANGUAGE_STANDARD = gnu11;
				GCC_DYNAMIC_NO_PIC = NO;
				GCC_NO_COMMON_BLOCKS = YES;
				GCC_OPTIMIZATION_LEVEL = 0;
				GCC_PREPROCESSOR_DEFINITIONS = (
					"DEBUG=1",
					"$(inherited)",
				);
				GCC_WARN_64_TO_32_BIT_CONVERSION = YES;
				GCC_WARN_ABOUT_RETURN_TYPE = YES_ERROR;
				GCC_WARN_UNDECLARED_SELECTOR = YES;
				GCC_WARN_UNINITIALIZED_AUTOS = YES_AGGRESSIVE;
				GCC_WARN_UNUSED_FUNCTION = YES;
				GCC_WARN_UNUSED_VARIABLE = YES;
				IPHONEOS_DEPLOYMENT_TARGET = 12.1;
				MTL_ENABLE_DEBUG_INFO = INCLUDE_SOURCE;
				MTL_FAST_MATH = YES;
				ONLY_ACTIVE_ARCH = YES;
				SDKROOT = iphoneos;
				SWIFT_ACTIVE_COMPILATION_CONDITIONS = DEBUG;
				SWIFT_OPTIMIZATION_LEVEL = "-Onone";
			};
			name = Debug;
		};
		8461EE6521AC179C0097A17F /* Release */ = {
			isa = XCBuildConfiguration;
			buildSettings = {
				ALWAYS_SEARCH_USER_PATHS = NO;
				CLANG_ANALYZER_NONNULL = YES;
				CLANG_ANALYZER_NUMBER_OBJECT_CONVERSION = YES_AGGRESSIVE;
				CLANG_CXX_LANGUAGE_STANDARD = "gnu++14";
				CLANG_CXX_LIBRARY = "libc++";
				CLANG_ENABLE_MODULES = YES;
				CLANG_ENABLE_OBJC_ARC = YES;
				CLANG_ENABLE_OBJC_WEAK = YES;
				CLANG_WARN_BLOCK_CAPTURE_AUTORELEASING = YES;
				CLANG_WARN_BOOL_CONVERSION = YES;
				CLANG_WARN_COMMA = YES;
				CLANG_WARN_CONSTANT_CONVERSION = YES;
				CLANG_WARN_DEPRECATED_OBJC_IMPLEMENTATIONS = YES;
				CLANG_WARN_DIRECT_OBJC_ISA_USAGE = YES_ERROR;
				CLANG_WARN_DOCUMENTATION_COMMENTS = YES;
				CLANG_WARN_EMPTY_BODY = YES;
				CLANG_WARN_ENUM_CONVERSION = YES;
				CLANG_WARN_INFINITE_RECURSION = YES;
				CLANG_WARN_INT_CONVERSION = YES;
				CLANG_WARN_NON_LITERAL_NULL_CONVERSION = YES;
				CLANG_WARN_OBJC_IMPLICIT_RETAIN_SELF = YES;
				CLANG_WARN_OBJC_LITERAL_CONVERSION = YES;
				CLANG_WARN_OBJC_ROOT_CLASS = YES_ERROR;
				CLANG_WARN_RANGE_LOOP_ANALYSIS = YES;
				CLANG_WARN_STRICT_PROTOTYPES = YES;
				CLANG_WARN_SUSPICIOUS_MOVE = YES;
				CLANG_WARN_UNGUARDED_AVAILABILITY = YES_AGGRESSIVE;
				CLANG_WARN_UNREACHABLE_CODE = YES;
				CLANG_WARN__DUPLICATE_METHOD_MATCH = YES;
				CODE_SIGN_IDENTITY = "iPhone Developer";
				COPY_PHASE_STRIP = NO;
				DEBUG_INFORMATION_FORMAT = "dwarf-with-dsym";
				ENABLE_NS_ASSERTIONS = NO;
				ENABLE_STRICT_OBJC_MSGSEND = YES;
				GCC_C_LANGUAGE_STANDARD = gnu11;
				GCC_NO_COMMON_BLOCKS = YES;
				GCC_WARN_64_TO_32_BIT_CONVERSION = YES;
				GCC_WARN_ABOUT_RETURN_TYPE = YES_ERROR;
				GCC_WARN_UNDECLARED_SELECTOR = YES;
				GCC_WARN_UNINITIALIZED_AUTOS = YES_AGGRESSIVE;
				GCC_WARN_UNUSED_FUNCTION = YES;
				GCC_WARN_UNUSED_VARIABLE = YES;
				IPHONEOS_DEPLOYMENT_TARGET = 12.1;
				MTL_ENABLE_DEBUG_INFO = NO;
				MTL_FAST_MATH = YES;
				SDKROOT = iphoneos;
				SWIFT_COMPILATION_MODE = wholemodule;
				SWIFT_OPTIMIZATION_LEVEL = "-O";
				VALIDATE_PRODUCT = YES;
			};
			name = Release;
		};
		8461EE6721AC179C0097A17F /* Debug */ = {
			isa = XCBuildConfiguration;
			baseConfigurationReference = 13BF0006D08DC1B698AB579D /* Pods-ImageGalleryApp.debug.xcconfig */;
			buildSettings = {
				ASSETCATALOG_COMPILER_APPICON_NAME = AppIcon;
				CODE_SIGN_STYLE = Automatic;
				DEVELOPMENT_TEAM = CV388556QG;
				INFOPLIST_FILE = ImageGalleryApp/Info.plist;
				LD_RUNPATH_SEARCH_PATHS = (
					"$(inherited)",
					"@executable_path/Frameworks",
				);
				PRODUCT_BUNDLE_IDENTIFIER = mg.ImageGalleryApp;
				PRODUCT_NAME = "$(TARGET_NAME)";
				SWIFT_VERSION = 4.2;
				TARGETED_DEVICE_FAMILY = "1,2";
			};
			name = Debug;
		};
		8461EE6821AC179C0097A17F /* Release */ = {
			isa = XCBuildConfiguration;
			baseConfigurationReference = 796AE77CC1290616F81EBF19 /* Pods-ImageGalleryApp.release.xcconfig */;
			buildSettings = {
				ASSETCATALOG_COMPILER_APPICON_NAME = AppIcon;
				CODE_SIGN_STYLE = Automatic;
				DEVELOPMENT_TEAM = CV388556QG;
				INFOPLIST_FILE = ImageGalleryApp/Info.plist;
				LD_RUNPATH_SEARCH_PATHS = (
					"$(inherited)",
					"@executable_path/Frameworks",
				);
				PRODUCT_BUNDLE_IDENTIFIER = mg.ImageGalleryApp;
				PRODUCT_NAME = "$(TARGET_NAME)";
				SWIFT_VERSION = 4.2;
				TARGETED_DEVICE_FAMILY = "1,2";
			};
			name = Release;
		};
/* End XCBuildConfiguration section */

/* Begin XCConfigurationList section */
		8461EE4F21AC17970097A17F /* Build configuration list for PBXProject "ImageGalleryApp" */ = {
			isa = XCConfigurationList;
			buildConfigurations = (
				8461EE6421AC179C0097A17F /* Debug */,
				8461EE6521AC179C0097A17F /* Release */,
			);
			defaultConfigurationIsVisible = 0;
			defaultConfigurationName = Release;
		};
		8461EE6621AC179C0097A17F /* Build configuration list for PBXNativeTarget "ImageGalleryApp" */ = {
			isa = XCConfigurationList;
			buildConfigurations = (
				8461EE6721AC179C0097A17F /* Debug */,
				8461EE6821AC179C0097A17F /* Release */,
			);
			defaultConfigurationIsVisible = 0;
			defaultConfigurationName = Release;
		};
/* End XCConfigurationList section */
	};
	rootObject = 8461EE4C21AC17970097A17F /* Project object */;
}
